// !$*UTF8*$!
{
	archiveVersion = 1;
	classes = {
	};
	objectVersion = 55;
	objects = {

/* Begin PBXBuildFile section */
		10F9F00E59ABCC738365BFCE /* Pods_GithubStarTests.framework in Frameworks */ = {isa = PBXBuildFile; fileRef = 4C4182D5E39211FF07B594EB /* Pods_GithubStarTests.framework */; };
		424B744F2755EF3400CFDD19 /* AppDelegate.swift in Sources */ = {isa = PBXBuildFile; fileRef = 424B744E2755EF3400CFDD19 /* AppDelegate.swift */; };
		424B74512755EF3400CFDD19 /* SceneDelegate.swift in Sources */ = {isa = PBXBuildFile; fileRef = 424B74502755EF3400CFDD19 /* SceneDelegate.swift */; };
		424B74532755EF3400CFDD19 /* ViewController.swift in Sources */ = {isa = PBXBuildFile; fileRef = 424B74522755EF3400CFDD19 /* ViewController.swift */; };
		424B74562755EF3400CFDD19 /* Main.storyboard in Resources */ = {isa = PBXBuildFile; fileRef = 424B74542755EF3400CFDD19 /* Main.storyboard */; };
		424B74592755EF3400CFDD19 /* GithubStar.xcdatamodeld in Sources */ = {isa = PBXBuildFile; fileRef = 424B74572755EF3400CFDD19 /* GithubStar.xcdatamodeld */; };
		424B745B2755EF3800CFDD19 /* Assets.xcassets in Resources */ = {isa = PBXBuildFile; fileRef = 424B745A2755EF3800CFDD19 /* Assets.xcassets */; };
		424B745E2755EF3800CFDD19 /* LaunchScreen.storyboard in Resources */ = {isa = PBXBuildFile; fileRef = 424B745C2755EF3800CFDD19 /* LaunchScreen.storyboard */; };
		424B74692755EF3900CFDD19 /* GithubStarTests.swift in Sources */ = {isa = PBXBuildFile; fileRef = 424B74682755EF3900CFDD19 /* GithubStarTests.swift */; };
		424B74732755EF3900CFDD19 /* GithubStarUITests.swift in Sources */ = {isa = PBXBuildFile; fileRef = 424B74722755EF3900CFDD19 /* GithubStarUITests.swift */; };
		424B74752755EF3900CFDD19 /* GithubStarUITestsLaunchTests.swift in Sources */ = {isa = PBXBuildFile; fileRef = 424B74742755EF3900CFDD19 /* GithubStarUITestsLaunchTests.swift */; };
		424B74822755EFD300CFDD19 /* CoreDataStack.swift in Sources */ = {isa = PBXBuildFile; fileRef = 424B74812755EFD300CFDD19 /* CoreDataStack.swift */; };
		424B74842756072600CFDD19 /* User.swift in Sources */ = {isa = PBXBuildFile; fileRef = 424B74832756072600CFDD19 /* User.swift */; };
		424B7487275761FB00CFDD19 /* TestCoreDataStack.swift in Sources */ = {isa = PBXBuildFile; fileRef = 424B7486275761FB00CFDD19 /* TestCoreDataStack.swift */; };
		424B7489275763AD00CFDD19 /* StarredService.swift in Sources */ = {isa = PBXBuildFile; fileRef = 424B7488275763AD00CFDD19 /* StarredService.swift */; };
		DADEE59AF0A850A23100A6C2 /* Pods_GithubStar.framework in Frameworks */ = {isa = PBXBuildFile; fileRef = 3831B2DF9BE33416426EFE9C /* Pods_GithubStar.framework */; };
		E819FF4183AF0A9BF96B0090 /* Pods_GithubStar_GithubStarUITests.framework in Frameworks */ = {isa = PBXBuildFile; fileRef = A22B1227ACF17AB259B1B072 /* Pods_GithubStar_GithubStarUITests.framework */; };
/* End PBXBuildFile section */

/* Begin PBXContainerItemProxy section */
		424B74652755EF3900CFDD19 /* PBXContainerItemProxy */ = {
			isa = PBXContainerItemProxy;
			containerPortal = 424B74432755EF3400CFDD19 /* Project object */;
			proxyType = 1;
			remoteGlobalIDString = 424B744A2755EF3400CFDD19;
			remoteInfo = GithubStar;
		};
		424B746F2755EF3900CFDD19 /* PBXContainerItemProxy */ = {
			isa = PBXContainerItemProxy;
			containerPortal = 424B74432755EF3400CFDD19 /* Project object */;
			proxyType = 1;
			remoteGlobalIDString = 424B744A2755EF3400CFDD19;
			remoteInfo = GithubStar;
		};
/* End PBXContainerItemProxy section */

/* Begin PBXFileReference section */
		06ABA682CB6A24C9FC12AC59 /* Pods-GithubStarTests.release.xcconfig */ = {isa = PBXFileReference; includeInIndex = 1; lastKnownFileType = text.xcconfig; name = "Pods-GithubStarTests.release.xcconfig"; path = "Target Support Files/Pods-GithubStarTests/Pods-GithubStarTests.release.xcconfig"; sourceTree = "<group>"; };
		1DB4CD52203CDA644F21AAF4 /* Pods-GithubStar-GithubStarUITests.debug.xcconfig */ = {isa = PBXFileReference; includeInIndex = 1; lastKnownFileType = text.xcconfig; name = "Pods-GithubStar-GithubStarUITests.debug.xcconfig"; path = "Target Support Files/Pods-GithubStar-GithubStarUITests/Pods-GithubStar-GithubStarUITests.debug.xcconfig"; sourceTree = "<group>"; };
		3831B2DF9BE33416426EFE9C /* Pods_GithubStar.framework */ = {isa = PBXFileReference; explicitFileType = wrapper.framework; includeInIndex = 0; path = Pods_GithubStar.framework; sourceTree = BUILT_PRODUCTS_DIR; };
		424B744B2755EF3400CFDD19 /* GithubStar.app */ = {isa = PBXFileReference; explicitFileType = wrapper.application; includeInIndex = 0; path = GithubStar.app; sourceTree = BUILT_PRODUCTS_DIR; };
		424B744E2755EF3400CFDD19 /* AppDelegate.swift */ = {isa = PBXFileReference; lastKnownFileType = sourcecode.swift; path = AppDelegate.swift; sourceTree = "<group>"; };
		424B74502755EF3400CFDD19 /* SceneDelegate.swift */ = {isa = PBXFileReference; lastKnownFileType = sourcecode.swift; path = SceneDelegate.swift; sourceTree = "<group>"; };
		424B74522755EF3400CFDD19 /* ViewController.swift */ = {isa = PBXFileReference; lastKnownFileType = sourcecode.swift; path = ViewController.swift; sourceTree = "<group>"; };
		424B74552755EF3400CFDD19 /* Base */ = {isa = PBXFileReference; lastKnownFileType = file.storyboard; name = Base; path = Base.lproj/Main.storyboard; sourceTree = "<group>"; };
		424B74582755EF3400CFDD19 /* GithubStar.xcdatamodel */ = {isa = PBXFileReference; lastKnownFileType = wrapper.xcdatamodel; path = GithubStar.xcdatamodel; sourceTree = "<group>"; };
		424B745A2755EF3800CFDD19 /* Assets.xcassets */ = {isa = PBXFileReference; lastKnownFileType = folder.assetcatalog; path = Assets.xcassets; sourceTree = "<group>"; };
		424B745D2755EF3800CFDD19 /* Base */ = {isa = PBXFileReference; lastKnownFileType = file.storyboard; name = Base; path = Base.lproj/LaunchScreen.storyboard; sourceTree = "<group>"; };
		424B745F2755EF3800CFDD19 /* Info.plist */ = {isa = PBXFileReference; lastKnownFileType = text.plist.xml; path = Info.plist; sourceTree = "<group>"; };
		424B74642755EF3900CFDD19 /* GithubStarTests.xctest */ = {isa = PBXFileReference; explicitFileType = wrapper.cfbundle; includeInIndex = 0; path = GithubStarTests.xctest; sourceTree = BUILT_PRODUCTS_DIR; };
		424B74682755EF3900CFDD19 /* GithubStarTests.swift */ = {isa = PBXFileReference; lastKnownFileType = sourcecode.swift; path = GithubStarTests.swift; sourceTree = "<group>"; };
		424B746E2755EF3900CFDD19 /* GithubStarUITests.xctest */ = {isa = PBXFileReference; explicitFileType = wrapper.cfbundle; includeInIndex = 0; path = GithubStarUITests.xctest; sourceTree = BUILT_PRODUCTS_DIR; };
		424B74722755EF3900CFDD19 /* GithubStarUITests.swift */ = {isa = PBXFileReference; lastKnownFileType = sourcecode.swift; path = GithubStarUITests.swift; sourceTree = "<group>"; };
		424B74742755EF3900CFDD19 /* GithubStarUITestsLaunchTests.swift */ = {isa = PBXFileReference; lastKnownFileType = sourcecode.swift; path = GithubStarUITestsLaunchTests.swift; sourceTree = "<group>"; };
		424B74812755EFD300CFDD19 /* CoreDataStack.swift */ = {isa = PBXFileReference; lastKnownFileType = sourcecode.swift; path = CoreDataStack.swift; sourceTree = "<group>"; };
		424B74832756072600CFDD19 /* User.swift */ = {isa = PBXFileReference; lastKnownFileType = sourcecode.swift; path = User.swift; sourceTree = "<group>"; };
		424B7486275761FB00CFDD19 /* TestCoreDataStack.swift */ = {isa = PBXFileReference; lastKnownFileType = sourcecode.swift; path = TestCoreDataStack.swift; sourceTree = "<group>"; };
		424B7488275763AD00CFDD19 /* StarredService.swift */ = {isa = PBXFileReference; lastKnownFileType = sourcecode.swift; path = StarredService.swift; sourceTree = "<group>"; };
		4C4182D5E39211FF07B594EB /* Pods_GithubStarTests.framework */ = {isa = PBXFileReference; explicitFileType = wrapper.framework; includeInIndex = 0; path = Pods_GithubStarTests.framework; sourceTree = BUILT_PRODUCTS_DIR; };
		67191DD963D98F3B51F6134B /* Pods-GithubStar.release.xcconfig */ = {isa = PBXFileReference; includeInIndex = 1; lastKnownFileType = text.xcconfig; name = "Pods-GithubStar.release.xcconfig"; path = "Target Support Files/Pods-GithubStar/Pods-GithubStar.release.xcconfig"; sourceTree = "<group>"; };
		7C70EBA75E7DF7410F89F632 /* Pods-GithubStar.debug.xcconfig */ = {isa = PBXFileReference; includeInIndex = 1; lastKnownFileType = text.xcconfig; name = "Pods-GithubStar.debug.xcconfig"; path = "Target Support Files/Pods-GithubStar/Pods-GithubStar.debug.xcconfig"; sourceTree = "<group>"; };
		7DB599B6BFB259018FCA0752 /* Pods-GithubStarTests.debug.xcconfig */ = {isa = PBXFileReference; includeInIndex = 1; lastKnownFileType = text.xcconfig; name = "Pods-GithubStarTests.debug.xcconfig"; path = "Target Support Files/Pods-GithubStarTests/Pods-GithubStarTests.debug.xcconfig"; sourceTree = "<group>"; };
		A22B1227ACF17AB259B1B072 /* Pods_GithubStar_GithubStarUITests.framework */ = {isa = PBXFileReference; explicitFileType = wrapper.framework; includeInIndex = 0; path = Pods_GithubStar_GithubStarUITests.framework; sourceTree = BUILT_PRODUCTS_DIR; };
		F0187E192B641CB96E387BFB /* Pods-GithubStar-GithubStarUITests.release.xcconfig */ = {isa = PBXFileReference; includeInIndex = 1; lastKnownFileType = text.xcconfig; name = "Pods-GithubStar-GithubStarUITests.release.xcconfig"; path = "Target Support Files/Pods-GithubStar-GithubStarUITests/Pods-GithubStar-GithubStarUITests.release.xcconfig"; sourceTree = "<group>"; };
/* End PBXFileReference section */

/* Begin PBXFrameworksBuildPhase section */
		424B74482755EF3400CFDD19 /* Frameworks */ = {
			isa = PBXFrameworksBuildPhase;
			buildActionMask = 2147483647;
			files = (
				DADEE59AF0A850A23100A6C2 /* Pods_GithubStar.framework in Frameworks */,
			);
			runOnlyForDeploymentPostprocessing = 0;
		};
		424B74612755EF3900CFDD19 /* Frameworks */ = {
			isa = PBXFrameworksBuildPhase;
			buildActionMask = 2147483647;
			files = (
				10F9F00E59ABCC738365BFCE /* Pods_GithubStarTests.framework in Frameworks */,
			);
			runOnlyForDeploymentPostprocessing = 0;
		};
		424B746B2755EF3900CFDD19 /* Frameworks */ = {
			isa = PBXFrameworksBuildPhase;
			buildActionMask = 2147483647;
			files = (
				E819FF4183AF0A9BF96B0090 /* Pods_GithubStar_GithubStarUITests.framework in Frameworks */,
			);
			runOnlyForDeploymentPostprocessing = 0;
		};
/* End PBXFrameworksBuildPhase section */

/* Begin PBXGroup section */
		1FF120A11F8DEF98D3C68E41 /* Pods */ = {
			isa = PBXGroup;
			children = (
				7C70EBA75E7DF7410F89F632 /* Pods-GithubStar.debug.xcconfig */,
				67191DD963D98F3B51F6134B /* Pods-GithubStar.release.xcconfig */,
				1DB4CD52203CDA644F21AAF4 /* Pods-GithubStar-GithubStarUITests.debug.xcconfig */,
				F0187E192B641CB96E387BFB /* Pods-GithubStar-GithubStarUITests.release.xcconfig */,
				7DB599B6BFB259018FCA0752 /* Pods-GithubStarTests.debug.xcconfig */,
				06ABA682CB6A24C9FC12AC59 /* Pods-GithubStarTests.release.xcconfig */,
			);
			path = Pods;
			sourceTree = "<group>";
		};
		424B74422755EF3400CFDD19 = {
			isa = PBXGroup;
			children = (
				424B744D2755EF3400CFDD19 /* GithubStar */,
				424B74672755EF3900CFDD19 /* GithubStarTests */,
				424B74712755EF3900CFDD19 /* GithubStarUITests */,
				424B744C2755EF3400CFDD19 /* Products */,
				1FF120A11F8DEF98D3C68E41 /* Pods */,
				C4D4D11D60B2A79C4CBFC292 /* Frameworks */,
			);
			sourceTree = "<group>";
		};
		424B744C2755EF3400CFDD19 /* Products */ = {
			isa = PBXGroup;
			children = (
				424B744B2755EF3400CFDD19 /* GithubStar.app */,
				424B74642755EF3900CFDD19 /* GithubStarTests.xctest */,
				424B746E2755EF3900CFDD19 /* GithubStarUITests.xctest */,
			);
			name = Products;
			sourceTree = "<group>";
		};
		424B744D2755EF3400CFDD19 /* GithubStar */ = {
			isa = PBXGroup;
			children = (
				424B74852757605500CFDD19 /* Services */,
				424B744E2755EF3400CFDD19 /* AppDelegate.swift */,
				424B74502755EF3400CFDD19 /* SceneDelegate.swift */,
				424B74522755EF3400CFDD19 /* ViewController.swift */,
				424B74542755EF3400CFDD19 /* Main.storyboard */,
				424B745A2755EF3800CFDD19 /* Assets.xcassets */,
				424B745C2755EF3800CFDD19 /* LaunchScreen.storyboard */,
				424B745F2755EF3800CFDD19 /* Info.plist */,
				424B74572755EF3400CFDD19 /* GithubStar.xcdatamodeld */,
				424B74832756072600CFDD19 /* User.swift */,
			);
			path = GithubStar;
			sourceTree = "<group>";
		};
		424B74672755EF3900CFDD19 /* GithubStarTests */ = {
			isa = PBXGroup;
			children = (
				424B74682755EF3900CFDD19 /* GithubStarTests.swift */,
				424B7486275761FB00CFDD19 /* TestCoreDataStack.swift */,
			);
			path = GithubStarTests;
			sourceTree = "<group>";
		};
		424B74712755EF3900CFDD19 /* GithubStarUITests */ = {
			isa = PBXGroup;
			children = (
				424B74722755EF3900CFDD19 /* GithubStarUITests.swift */,
				424B74742755EF3900CFDD19 /* GithubStarUITestsLaunchTests.swift */,
			);
			path = GithubStarUITests;
			sourceTree = "<group>";
		};
		424B74852757605500CFDD19 /* Services */ = {
			isa = PBXGroup;
			children = (
				424B74812755EFD300CFDD19 /* CoreDataStack.swift */,
				424B7488275763AD00CFDD19 /* StarredService.swift */,
			);
			path = Services;
			sourceTree = "<group>";
		};
		C4D4D11D60B2A79C4CBFC292 /* Frameworks */ = {
			isa = PBXGroup;
			children = (
				3831B2DF9BE33416426EFE9C /* Pods_GithubStar.framework */,
				A22B1227ACF17AB259B1B072 /* Pods_GithubStar_GithubStarUITests.framework */,
				4C4182D5E39211FF07B594EB /* Pods_GithubStarTests.framework */,
			);
			name = Frameworks;
			sourceTree = "<group>";
		};
/* End PBXGroup section */

/* Begin PBXNativeTarget section */
		424B744A2755EF3400CFDD19 /* GithubStar */ = {
			isa = PBXNativeTarget;
			buildConfigurationList = 424B74782755EF3900CFDD19 /* Build configuration list for PBXNativeTarget "GithubStar" */;
			buildPhases = (
				1C0E8C084C25910842F1E596 /* [CP] Check Pods Manifest.lock */,
				424B74472755EF3400CFDD19 /* Sources */,
				424B74482755EF3400CFDD19 /* Frameworks */,
				424B74492755EF3400CFDD19 /* Resources */,
				1B3904E91A1A3C03EA25332C /* [CP] Embed Pods Frameworks */,
			);
			buildRules = (
			);
			dependencies = (
			);
			name = GithubStar;
			productName = GithubStar;
			productReference = 424B744B2755EF3400CFDD19 /* GithubStar.app */;
			productType = "com.apple.product-type.application";
		};
		424B74632755EF3900CFDD19 /* GithubStarTests */ = {
			isa = PBXNativeTarget;
			buildConfigurationList = 424B747B2755EF3900CFDD19 /* Build configuration list for PBXNativeTarget "GithubStarTests" */;
			buildPhases = (
				E895DAC179302372B4E260E8 /* [CP] Check Pods Manifest.lock */,
				424B74602755EF3900CFDD19 /* Sources */,
				424B74612755EF3900CFDD19 /* Frameworks */,
				424B74622755EF3900CFDD19 /* Resources */,
			);
			buildRules = (
			);
			dependencies = (
				424B74662755EF3900CFDD19 /* PBXTargetDependency */,
			);
			name = GithubStarTests;
			productName = GithubStarTests;
			productReference = 424B74642755EF3900CFDD19 /* GithubStarTests.xctest */;
			productType = "com.apple.product-type.bundle.unit-test";
		};
		424B746D2755EF3900CFDD19 /* GithubStarUITests */ = {
			isa = PBXNativeTarget;
			buildConfigurationList = 424B747E2755EF3900CFDD19 /* Build configuration list for PBXNativeTarget "GithubStarUITests" */;
			buildPhases = (
				6412DDA60216A22661670033 /* [CP] Check Pods Manifest.lock */,
				424B746A2755EF3900CFDD19 /* Sources */,
				424B746B2755EF3900CFDD19 /* Frameworks */,
				424B746C2755EF3900CFDD19 /* Resources */,
				B27491DFC32091EC491F31DA /* [CP] Embed Pods Frameworks */,
			);
			buildRules = (
			);
			dependencies = (
				424B74702755EF3900CFDD19 /* PBXTargetDependency */,
			);
			name = GithubStarUITests;
			productName = GithubStarUITests;
			productReference = 424B746E2755EF3900CFDD19 /* GithubStarUITests.xctest */;
			productType = "com.apple.product-type.bundle.ui-testing";
		};
/* End PBXNativeTarget section */

/* Begin PBXProject section */
		424B74432755EF3400CFDD19 /* Project object */ = {
			isa = PBXProject;
			attributes = {
				BuildIndependentTargetsInParallel = 1;
				LastSwiftUpdateCheck = 1310;
				LastUpgradeCheck = 1310;
				TargetAttributes = {
					424B744A2755EF3400CFDD19 = {
						CreatedOnToolsVersion = 13.1;
					};
					424B74632755EF3900CFDD19 = {
						CreatedOnToolsVersion = 13.1;
						TestTargetID = 424B744A2755EF3400CFDD19;
					};
					424B746D2755EF3900CFDD19 = {
						CreatedOnToolsVersion = 13.1;
						TestTargetID = 424B744A2755EF3400CFDD19;
					};
				};
			};
			buildConfigurationList = 424B74462755EF3400CFDD19 /* Build configuration list for PBXProject "GithubStar" */;
			compatibilityVersion = "Xcode 13.0";
			developmentRegion = en;
			hasScannedForEncodings = 0;
			knownRegions = (
				en,
				Base,
			);
			mainGroup = 424B74422755EF3400CFDD19;
			productRefGroup = 424B744C2755EF3400CFDD19 /* Products */;
			projectDirPath = "";
			projectRoot = "";
			targets = (
				424B744A2755EF3400CFDD19 /* GithubStar */,
				424B74632755EF3900CFDD19 /* GithubStarTests */,
				424B746D2755EF3900CFDD19 /* GithubStarUITests */,
			);
		};
/* End PBXProject section */

/* Begin PBXResourcesBuildPhase section */
		424B74492755EF3400CFDD19 /* Resources */ = {
			isa = PBXResourcesBuildPhase;
			buildActionMask = 2147483647;
			files = (
				424B745E2755EF3800CFDD19 /* LaunchScreen.storyboard in Resources */,
				424B745B2755EF3800CFDD19 /* Assets.xcassets in Resources */,
				424B74562755EF3400CFDD19 /* Main.storyboard in Resources */,
			);
			runOnlyForDeploymentPostprocessing = 0;
		};
		424B74622755EF3900CFDD19 /* Resources */ = {
			isa = PBXResourcesBuildPhase;
			buildActionMask = 2147483647;
			files = (
			);
			runOnlyForDeploymentPostprocessing = 0;
		};
		424B746C2755EF3900CFDD19 /* Resources */ = {
			isa = PBXResourcesBuildPhase;
			buildActionMask = 2147483647;
			files = (
			);
			runOnlyForDeploymentPostprocessing = 0;
		};
/* End PBXResourcesBuildPhase section */

/* Begin PBXShellScriptBuildPhase section */
		1B3904E91A1A3C03EA25332C /* [CP] Embed Pods Frameworks */ = {
			isa = PBXShellScriptBuildPhase;
			buildActionMask = 2147483647;
			files = (
			);
			inputFileListPaths = (
				"${PODS_ROOT}/Target Support Files/Pods-GithubStar/Pods-GithubStar-frameworks-${CONFIGURATION}-input-files.xcfilelist",
			);
			name = "[CP] Embed Pods Frameworks";
			outputFileListPaths = (
				"${PODS_ROOT}/Target Support Files/Pods-GithubStar/Pods-GithubStar-frameworks-${CONFIGURATION}-output-files.xcfilelist",
			);
			runOnlyForDeploymentPostprocessing = 0;
			shellPath = /bin/sh;
			shellScript = "\"${PODS_ROOT}/Target Support Files/Pods-GithubStar/Pods-GithubStar-frameworks.sh\"\n";
			showEnvVarsInLog = 0;
		};
		1C0E8C084C25910842F1E596 /* [CP] Check Pods Manifest.lock */ = {
			isa = PBXShellScriptBuildPhase;
			buildActionMask = 2147483647;
			files = (
			);
			inputFileListPaths = (
			);
			inputPaths = (
				"${PODS_PODFILE_DIR_PATH}/Podfile.lock",
				"${PODS_ROOT}/Manifest.lock",
			);
			name = "[CP] Check Pods Manifest.lock";
			outputFileListPaths = (
			);
			outputPaths = (
				"$(DERIVED_FILE_DIR)/Pods-GithubStar-checkManifestLockResult.txt",
			);
			runOnlyForDeploymentPostprocessing = 0;
			shellPath = /bin/sh;
			shellScript = "diff \"${PODS_PODFILE_DIR_PATH}/Podfile.lock\" \"${PODS_ROOT}/Manifest.lock\" > /dev/null\nif [ $? != 0 ] ; then\n    # print error to STDERR\n    echo \"error: The sandbox is not in sync with the Podfile.lock. Run 'pod install' or update your CocoaPods installation.\" >&2\n    exit 1\nfi\n# This output is used by Xcode 'outputs' to avoid re-running this script phase.\necho \"SUCCESS\" > \"${SCRIPT_OUTPUT_FILE_0}\"\n";
			showEnvVarsInLog = 0;
		};
		6412DDA60216A22661670033 /* [CP] Check Pods Manifest.lock */ = {
			isa = PBXShellScriptBuildPhase;
			buildActionMask = 2147483647;
			files = (
			);
			inputFileListPaths = (
			);
			inputPaths = (
				"${PODS_PODFILE_DIR_PATH}/Podfile.lock",
				"${PODS_ROOT}/Manifest.lock",
			);
			name = "[CP] Check Pods Manifest.lock";
			outputFileListPaths = (
			);
			outputPaths = (
				"$(DERIVED_FILE_DIR)/Pods-GithubStar-GithubStarUITests-checkManifestLockResult.txt",
			);
			runOnlyForDeploymentPostprocessing = 0;
			shellPath = /bin/sh;
			shellScript = "diff \"${PODS_PODFILE_DIR_PATH}/Podfile.lock\" \"${PODS_ROOT}/Manifest.lock\" > /dev/null\nif [ $? != 0 ] ; then\n    # print error to STDERR\n    echo \"error: The sandbox is not in sync with the Podfile.lock. Run 'pod install' or update your CocoaPods installation.\" >&2\n    exit 1\nfi\n# This output is used by Xcode 'outputs' to avoid re-running this script phase.\necho \"SUCCESS\" > \"${SCRIPT_OUTPUT_FILE_0}\"\n";
			showEnvVarsInLog = 0;
		};
		B27491DFC32091EC491F31DA /* [CP] Embed Pods Frameworks */ = {
			isa = PBXShellScriptBuildPhase;
			buildActionMask = 2147483647;
			files = (
			);
			inputFileListPaths = (
				"${PODS_ROOT}/Target Support Files/Pods-GithubStar-GithubStarUITests/Pods-GithubStar-GithubStarUITests-frameworks-${CONFIGURATION}-input-files.xcfilelist",
			);
			name = "[CP] Embed Pods Frameworks";
			outputFileListPaths = (
				"${PODS_ROOT}/Target Support Files/Pods-GithubStar-GithubStarUITests/Pods-GithubStar-GithubStarUITests-frameworks-${CONFIGURATION}-output-files.xcfilelist",
			);
			runOnlyForDeploymentPostprocessing = 0;
			shellPath = /bin/sh;
			shellScript = "\"${PODS_ROOT}/Target Support Files/Pods-GithubStar-GithubStarUITests/Pods-GithubStar-GithubStarUITests-frameworks.sh\"\n";
			showEnvVarsInLog = 0;
		};
		E895DAC179302372B4E260E8 /* [CP] Check Pods Manifest.lock */ = {
			isa = PBXShellScriptBuildPhase;
			buildActionMask = 2147483647;
			files = (
			);
			inputFileListPaths = (
			);
			inputPaths = (
				"${PODS_PODFILE_DIR_PATH}/Podfile.lock",
				"${PODS_ROOT}/Manifest.lock",
			);
			name = "[CP] Check Pods Manifest.lock";
			outputFileListPaths = (
			);
			outputPaths = (
				"$(DERIVED_FILE_DIR)/Pods-GithubStarTests-checkManifestLockResult.txt",
			);
			runOnlyForDeploymentPostprocessing = 0;
			shellPath = /bin/sh;
			shellScript = "diff \"${PODS_PODFILE_DIR_PATH}/Podfile.lock\" \"${PODS_ROOT}/Manifest.lock\" > /dev/null\nif [ $? != 0 ] ; then\n    # print error to STDERR\n    echo \"error: The sandbox is not in sync with the Podfile.lock. Run 'pod install' or update your CocoaPods installation.\" >&2\n    exit 1\nfi\n# This output is used by Xcode 'outputs' to avoid re-running this script phase.\necho \"SUCCESS\" > \"${SCRIPT_OUTPUT_FILE_0}\"\n";
			showEnvVarsInLog = 0;
		};
/* End PBXShellScriptBuildPhase section */

/* Begin PBXSourcesBuildPhase section */
		424B74472755EF3400CFDD19 /* Sources */ = {
			isa = PBXSourcesBuildPhase;
			buildActionMask = 2147483647;
			files = (
				424B74592755EF3400CFDD19 /* GithubStar.xcdatamodeld in Sources */,
				424B7489275763AD00CFDD19 /* StarredService.swift in Sources */,
				424B74822755EFD300CFDD19 /* CoreDataStack.swift in Sources */,
				424B74842756072600CFDD19 /* User.swift in Sources */,
				424B74532755EF3400CFDD19 /* ViewController.swift in Sources */,
				424B744F2755EF3400CFDD19 /* AppDelegate.swift in Sources */,
				424B74512755EF3400CFDD19 /* SceneDelegate.swift in Sources */,
			);
			runOnlyForDeploymentPostprocessing = 0;
		};
		424B74602755EF3900CFDD19 /* Sources */ = {
			isa = PBXSourcesBuildPhase;
			buildActionMask = 2147483647;
			files = (
				424B74692755EF3900CFDD19 /* GithubStarTests.swift in Sources */,
				424B7487275761FB00CFDD19 /* TestCoreDataStack.swift in Sources */,
			);
			runOnlyForDeploymentPostprocessing = 0;
		};
		424B746A2755EF3900CFDD19 /* Sources */ = {
			isa = PBXSourcesBuildPhase;
			buildActionMask = 2147483647;
			files = (
				424B74732755EF3900CFDD19 /* GithubStarUITests.swift in Sources */,
				424B74752755EF3900CFDD19 /* GithubStarUITestsLaunchTests.swift in Sources */,
			);
			runOnlyForDeploymentPostprocessing = 0;
		};
/* End PBXSourcesBuildPhase section */

/* Begin PBXTargetDependency section */
		424B74662755EF3900CFDD19 /* PBXTargetDependency */ = {
			isa = PBXTargetDependency;
			target = 424B744A2755EF3400CFDD19 /* GithubStar */;
			targetProxy = 424B74652755EF3900CFDD19 /* PBXContainerItemProxy */;
		};
		424B74702755EF3900CFDD19 /* PBXTargetDependency */ = {
			isa = PBXTargetDependency;
			target = 424B744A2755EF3400CFDD19 /* GithubStar */;
			targetProxy = 424B746F2755EF3900CFDD19 /* PBXContainerItemProxy */;
		};
/* End PBXTargetDependency section */

/* Begin PBXVariantGroup section */
		424B74542755EF3400CFDD19 /* Main.storyboard */ = {
			isa = PBXVariantGroup;
			children = (
				424B74552755EF3400CFDD19 /* Base */,
			);
			name = Main.storyboard;
			sourceTree = "<group>";
		};
		424B745C2755EF3800CFDD19 /* LaunchScreen.storyboard */ = {
			isa = PBXVariantGroup;
			children = (
				424B745D2755EF3800CFDD19 /* Base */,
			);
			name = LaunchScreen.storyboard;
			sourceTree = "<group>";
		};
/* End PBXVariantGroup section */

/* Begin XCBuildConfiguration section */
		424B74762755EF3900CFDD19 /* Debug */ = {
			isa = XCBuildConfiguration;
			buildSettings = {
				ALWAYS_SEARCH_USER_PATHS = NO;
				CLANG_ANALYZER_NONNULL = YES;
				CLANG_ANALYZER_NUMBER_OBJECT_CONVERSION = YES_AGGRESSIVE;
				CLANG_CXX_LANGUAGE_STANDARD = "gnu++17";
				CLANG_CXX_LIBRARY = "libc++";
				CLANG_ENABLE_MODULES = YES;
				CLANG_ENABLE_OBJC_ARC = YES;
				CLANG_ENABLE_OBJC_WEAK = YES;
				CLANG_WARN_BLOCK_CAPTURE_AUTORELEASING = YES;
				CLANG_WARN_BOOL_CONVERSION = YES;
				CLANG_WARN_COMMA = YES;
				CLANG_WARN_CONSTANT_CONVERSION = YES;
				CLANG_WARN_DEPRECATED_OBJC_IMPLEMENTATIONS = YES;
				CLANG_WARN_DIRECT_OBJC_ISA_USAGE = YES_ERROR;
				CLANG_WARN_DOCUMENTATION_COMMENTS = YES;
				CLANG_WARN_EMPTY_BODY = YES;
				CLANG_WARN_ENUM_CONVERSION = YES;
				CLANG_WARN_INFINITE_RECURSION = YES;
				CLANG_WARN_INT_CONVERSION = YES;
				CLANG_WARN_NON_LITERAL_NULL_CONVERSION = YES;
				CLANG_WARN_OBJC_IMPLICIT_RETAIN_SELF = YES;
				CLANG_WARN_OBJC_LITERAL_CONVERSION = YES;
				CLANG_WARN_OBJC_ROOT_CLASS = YES_ERROR;
				CLANG_WARN_QUOTED_INCLUDE_IN_FRAMEWORK_HEADER = YES;
				CLANG_WARN_RANGE_LOOP_ANALYSIS = YES;
				CLANG_WARN_STRICT_PROTOTYPES = YES;
				CLANG_WARN_SUSPICIOUS_MOVE = YES;
				CLANG_WARN_UNGUARDED_AVAILABILITY = YES_AGGRESSIVE;
				CLANG_WARN_UNREACHABLE_CODE = YES;
				CLANG_WARN__DUPLICATE_METHOD_MATCH = YES;
				COPY_PHASE_STRIP = NO;
				DEBUG_INFORMATION_FORMAT = dwarf;
				ENABLE_STRICT_OBJC_MSGSEND = YES;
				ENABLE_TESTABILITY = YES;
				GCC_C_LANGUAGE_STANDARD = gnu11;
				GCC_DYNAMIC_NO_PIC = NO;
				GCC_NO_COMMON_BLOCKS = YES;
				GCC_OPTIMIZATION_LEVEL = 0;
				GCC_PREPROCESSOR_DEFINITIONS = (
					"DEBUG=1",
					"$(inherited)",
				);
				GCC_WARN_64_TO_32_BIT_CONVERSION = YES;
				GCC_WARN_ABOUT_RETURN_TYPE = YES_ERROR;
				GCC_WARN_UNDECLARED_SELECTOR = YES;
				GCC_WARN_UNINITIALIZED_AUTOS = YES_AGGRESSIVE;
				GCC_WARN_UNUSED_FUNCTION = YES;
				GCC_WARN_UNUSED_VARIABLE = YES;
				IPHONEOS_DEPLOYMENT_TARGET = 15.0;
				MTL_ENABLE_DEBUG_INFO = INCLUDE_SOURCE;
				MTL_FAST_MATH = YES;
				ONLY_ACTIVE_ARCH = YES;
				SDKROOT = iphoneos;
				SWIFT_ACTIVE_COMPILATION_CONDITIONS = DEBUG;
				SWIFT_OPTIMIZATION_LEVEL = "-Onone";
			};
			name = Debug;
		};
		424B74772755EF3900CFDD19 /* Release */ = {
			isa = XCBuildConfiguration;
			buildSettings = {
				ALWAYS_SEARCH_USER_PATHS = NO;
				CLANG_ANALYZER_NONNULL = YES;
				CLANG_ANALYZER_NUMBER_OBJECT_CONVERSION = YES_AGGRESSIVE;
				CLANG_CXX_LANGUAGE_STANDARD = "gnu++17";
				CLANG_CXX_LIBRARY = "libc++";
				CLANG_ENABLE_MODULES = YES;
				CLANG_ENABLE_OBJC_ARC = YES;
				CLANG_ENABLE_OBJC_WEAK = YES;
				CLANG_WARN_BLOCK_CAPTURE_AUTORELEASING = YES;
				CLANG_WARN_BOOL_CONVERSION = YES;
				CLANG_WARN_COMMA = YES;
				CLANG_WARN_CONSTANT_CONVERSION = YES;
				CLANG_WARN_DEPRECATED_OBJC_IMPLEMENTATIONS = YES;
				CLANG_WARN_DIRECT_OBJC_ISA_USAGE = YES_ERROR;
				CLANG_WARN_DOCUMENTATION_COMMENTS = YES;
				CLANG_WARN_EMPTY_BODY = YES;
				CLANG_WARN_ENUM_CONVERSION = YES;
				CLANG_WARN_INFINITE_RECURSION = YES;
				CLANG_WARN_INT_CONVERSION = YES;
				CLANG_WARN_NON_LITERAL_NULL_CONVERSION = YES;
				CLANG_WARN_OBJC_IMPLICIT_RETAIN_SELF = YES;
				CLANG_WARN_OBJC_LITERAL_CONVERSION = YES;
				CLANG_WARN_OBJC_ROOT_CLASS = YES_ERROR;
				CLANG_WARN_QUOTED_INCLUDE_IN_FRAMEWORK_HEADER = YES;
				CLANG_WARN_RANGE_LOOP_ANALYSIS = YES;
				CLANG_WARN_STRICT_PROTOTYPES = YES;
				CLANG_WARN_SUSPICIOUS_MOVE = YES;
				CLANG_WARN_UNGUARDED_AVAILABILITY = YES_AGGRESSIVE;
				CLANG_WARN_UNREACHABLE_CODE = YES;
				CLANG_WARN__DUPLICATE_METHOD_MATCH = YES;
				COPY_PHASE_STRIP = NO;
				DEBUG_INFORMATION_FORMAT = "dwarf-with-dsym";
				ENABLE_NS_ASSERTIONS = NO;
				ENABLE_STRICT_OBJC_MSGSEND = YES;
				GCC_C_LANGUAGE_STANDARD = gnu11;
				GCC_NO_COMMON_BLOCKS = YES;
				GCC_WARN_64_TO_32_BIT_CONVERSION = YES;
				GCC_WARN_ABOUT_RETURN_TYPE = YES_ERROR;
				GCC_WARN_UNDECLARED_SELECTOR = YES;
				GCC_WARN_UNINITIALIZED_AUTOS = YES_AGGRESSIVE;
				GCC_WARN_UNUSED_FUNCTION = YES;
				GCC_WARN_UNUSED_VARIABLE = YES;
				IPHONEOS_DEPLOYMENT_TARGET = 15.0;
				MTL_ENABLE_DEBUG_INFO = NO;
				MTL_FAST_MATH = YES;
				SDKROOT = iphoneos;
				SWIFT_COMPILATION_MODE = wholemodule;
				SWIFT_OPTIMIZATION_LEVEL = "-O";
				VALIDATE_PRODUCT = YES;
			};
			name = Release;
		};
		424B74792755EF3900CFDD19 /* Debug */ = {
			isa = XCBuildConfiguration;
			baseConfigurationReference = 7C70EBA75E7DF7410F89F632 /* Pods-GithubStar.debug.xcconfig */;
			buildSettings = {
				ASSETCATALOG_COMPILER_APPICON_NAME = AppIcon;
				ASSETCATALOG_COMPILER_GLOBAL_ACCENT_COLOR_NAME = AccentColor;
				CODE_SIGN_STYLE = Automatic;
				CURRENT_PROJECT_VERSION = 1;
				DEVELOPMENT_TEAM = XNB68CC222;
				GENERATE_INFOPLIST_FILE = YES;
				INFOPLIST_FILE = GithubStar/Info.plist;
				INFOPLIST_KEY_UIApplicationSupportsIndirectInputEvents = YES;
				INFOPLIST_KEY_UILaunchStoryboardName = LaunchScreen;
				INFOPLIST_KEY_UIMainStoryboardFile = Main;
				INFOPLIST_KEY_UISupportedInterfaceOrientations_iPad = "UIInterfaceOrientationPortrait UIInterfaceOrientationPortraitUpsideDown UIInterfaceOrientationLandscapeLeft UIInterfaceOrientationLandscapeRight";
				INFOPLIST_KEY_UISupportedInterfaceOrientations_iPhone = "UIInterfaceOrientationPortrait UIInterfaceOrientationLandscapeLeft UIInterfaceOrientationLandscapeRight";
				IPHONEOS_DEPLOYMENT_TARGET = 11.0;
				LD_RUNPATH_SEARCH_PATHS = (
					"$(inherited)",
					"@executable_path/Frameworks",
				);
				MARKETING_VERSION = 1.0;
				PRODUCT_BUNDLE_IDENTIFIER = com.siparoma.GithubStar;
				PRODUCT_NAME = "$(TARGET_NAME)";
				SWIFT_EMIT_LOC_STRINGS = YES;
				SWIFT_VERSION = 5.0;
				TARGETED_DEVICE_FAMILY = "1,2";
			};
			name = Debug;
		};
		424B747A2755EF3900CFDD19 /* Release */ = {
			isa = XCBuildConfiguration;
			baseConfigurationReference = 67191DD963D98F3B51F6134B /* Pods-GithubStar.release.xcconfig */;
			buildSettings = {
				ASSETCATALOG_COMPILER_APPICON_NAME = AppIcon;
				ASSETCATALOG_COMPILER_GLOBAL_ACCENT_COLOR_NAME = AccentColor;
				CODE_SIGN_STYLE = Automatic;
				CURRENT_PROJECT_VERSION = 1;
				DEVELOPMENT_TEAM = XNB68CC222;
				GENERATE_INFOPLIST_FILE = YES;
				INFOPLIST_FILE = GithubStar/Info.plist;
				INFOPLIST_KEY_UIApplicationSupportsIndirectInputEvents = YES;
				INFOPLIST_KEY_UILaunchStoryboardName = LaunchScreen;
				INFOPLIST_KEY_UIMainStoryboardFile = Main;
				INFOPLIST_KEY_UISupportedInterfaceOrientations_iPad = "UIInterfaceOrientationPortrait UIInterfaceOrientationPortraitUpsideDown UIInterfaceOrientationLandscapeLeft UIInterfaceOrientationLandscapeRight";
				INFOPLIST_KEY_UISupportedInterfaceOrientations_iPhone = "UIInterfaceOrientationPortrait UIInterfaceOrientationLandscapeLeft UIInterfaceOrientationLandscapeRight";
				IPHONEOS_DEPLOYMENT_TARGET = 11.0;
				LD_RUNPATH_SEARCH_PATHS = (
					"$(inherited)",
					"@executable_path/Frameworks",
				);
				MARKETING_VERSION = 1.0;
				PRODUCT_BUNDLE_IDENTIFIER = com.siparoma.GithubStar;
				PRODUCT_NAME = "$(TARGET_NAME)";
				SWIFT_EMIT_LOC_STRINGS = YES;
				SWIFT_VERSION = 5.0;
				TARGETED_DEVICE_FAMILY = "1,2";
			};
			name = Release;
		};
		424B747C2755EF3900CFDD19 /* Debug */ = {
			isa = XCBuildConfiguration;
			baseConfigurationReference = 7DB599B6BFB259018FCA0752 /* Pods-GithubStarTests.debug.xcconfig */;
			buildSettings = {
				ALWAYS_EMBED_SWIFT_STANDARD_LIBRARIES = YES;
				BUNDLE_LOADER = "$(TEST_HOST)";
				CODE_SIGN_STYLE = Automatic;
				CURRENT_PROJECT_VERSION = 1;
				DEVELOPMENT_TEAM = XNB68CC222;
				GENERATE_INFOPLIST_FILE = YES;
				IPHONEOS_DEPLOYMENT_TARGET = 15.0;
				LD_RUNPATH_SEARCH_PATHS = (
					"$(inherited)",
					"@executable_path/Frameworks",
					"@loader_path/Frameworks",
				);
				MARKETING_VERSION = 1.0;
				PRODUCT_BUNDLE_IDENTIFIER = com.siparoma.GithubStarTests;
				PRODUCT_NAME = "$(TARGET_NAME)";
				SWIFT_EMIT_LOC_STRINGS = NO;
				SWIFT_VERSION = 5.0;
				TARGETED_DEVICE_FAMILY = "1,2";
				TEST_HOST = "$(BUILT_PRODUCTS_DIR)/GithubStar.app/GithubStar";
			};
			name = Debug;
		};
		424B747D2755EF3900CFDD19 /* Release */ = {
			isa = XCBuildConfiguration;
			baseConfigurationReference = 06ABA682CB6A24C9FC12AC59 /* Pods-GithubStarTests.release.xcconfig */;
			buildSettings = {
				ALWAYS_EMBED_SWIFT_STANDARD_LIBRARIES = YES;
				BUNDLE_LOADER = "$(TEST_HOST)";
				CODE_SIGN_STYLE = Automatic;
				CURRENT_PROJECT_VERSION = 1;
				DEVELOPMENT_TEAM = XNB68CC222;
				GENERATE_INFOPLIST_FILE = YES;
				IPHONEOS_DEPLOYMENT_TARGET = 15.0;
				LD_RUNPATH_SEARCH_PATHS = (
					"$(inherited)",
					"@executable_path/Frameworks",
					"@loader_path/Frameworks",
				);
				MARKETING_VERSION = 1.0;
				PRODUCT_BUNDLE_IDENTIFIER = com.siparoma.GithubStarTests;
				PRODUCT_NAME = "$(TARGET_NAME)";
				SWIFT_EMIT_LOC_STRINGS = NO;
				SWIFT_VERSION = 5.0;
				TARGETED_DEVICE_FAMILY = "1,2";
				TEST_HOST = "$(BUILT_PRODUCTS_DIR)/GithubStar.app/GithubStar";
			};
			name = Release;
		};
		424B747F2755EF3900CFDD19 /* Debug */ = {
			isa = XCBuildConfiguration;
			baseConfigurationReference = 1DB4CD52203CDA644F21AAF4 /* Pods-GithubStar-GithubStarUITests.debug.xcconfig */;
			buildSettings = {
				ALWAYS_EMBED_SWIFT_STANDARD_LIBRARIES = YES;
				CODE_SIGN_STYLE = Automatic;
				CURRENT_PROJECT_VERSION = 1;
				DEVELOPMENT_TEAM = XNB68CC222;
				GENERATE_INFOPLIST_FILE = YES;
				LD_RUNPATH_SEARCH_PATHS = (
					"$(inherited)",
					"@executable_path/Frameworks",
					"@loader_path/Frameworks",
				);
				MARKETING_VERSION = 1.0;
				PRODUCT_BUNDLE_IDENTIFIER = com.siparoma.GithubStarUITests;
				PRODUCT_NAME = "$(TARGET_NAME)";
				SWIFT_EMIT_LOC_STRINGS = NO;
				SWIFT_VERSION = 5.0;
				TARGETED_DEVICE_FAMILY = "1,2";
				TEST_TARGET_NAME = GithubStar;
			};
			name = Debug;
		};
		424B74802755EF3900CFDD19 /* Release */ = {
			isa = XCBuildConfiguration;
			baseConfigurationReference = F0187E192B641CB96E387BFB /* Pods-GithubStar-GithubStarUITests.release.xcconfig */;
			buildSettings = {
				ALWAYS_EMBED_SWIFT_STANDARD_LIBRARIES = YES;
				CODE_SIGN_STYLE = Automatic;
				CURRENT_PROJECT_VERSION = 1;
				DEVELOPMENT_TEAM = XNB68CC222;
				GENERATE_INFOPLIST_FILE = YES;
				LD_RUNPATH_SEARCH_PATHS = (
					"$(inherited)",
					"@executable_path/Frameworks",
					"@loader_path/Frameworks",
				);
				MARKETING_VERSION = 1.0;
				PRODUCT_BUNDLE_IDENTIFIER = com.siparoma.GithubStarUITests;
				PRODUCT_NAME = "$(TARGET_NAME)";
				SWIFT_EMIT_LOC_STRINGS = NO;
				SWIFT_VERSION = 5.0;
				TARGETED_DEVICE_FAMILY = "1,2";
				TEST_TARGET_NAME = GithubStar;
			};
			name = Release;
		};
/* End XCBuildConfiguration section */

/* Begin XCConfigurationList section */
		424B74462755EF3400CFDD19 /* Build configuration list for PBXProject "GithubStar" */ = {
			isa = XCConfigurationList;
			buildConfigurations = (
				424B74762755EF3900CFDD19 /* Debug */,
				424B74772755EF3900CFDD19 /* Release */,
			);
			defaultConfigurationIsVisible = 0;
			defaultConfigurationName = Release;
		};
		424B74782755EF3900CFDD19 /* Build configuration list for PBXNativeTarget "GithubStar" */ = {
			isa = XCConfigurationList;
			buildConfigurations = (
				424B74792755EF3900CFDD19 /* Debug */,
				424B747A2755EF3900CFDD19 /* Release */,
			);
			defaultConfigurationIsVisible = 0;
			defaultConfigurationName = Release;
		};
		424B747B2755EF3900CFDD19 /* Build configuration list for PBXNativeTarget "GithubStarTests" */ = {
			isa = XCConfigurationList;
			buildConfigurations = (
				424B747C2755EF3900CFDD19 /* Debug */,
				424B747D2755EF3900CFDD19 /* Release */,
			);
			defaultConfigurationIsVisible = 0;
			defaultConfigurationName = Release;
		};
		424B747E2755EF3900CFDD19 /* Build configuration list for PBXNativeTarget "GithubStarUITests" */ = {
			isa = XCConfigurationList;
			buildConfigurations = (
				424B747F2755EF3900CFDD19 /* Debug */,
				424B74802755EF3900CFDD19 /* Release */,
			);
			defaultConfigurationIsVisible = 0;
			defaultConfigurationName = Release;
		};
/* End XCConfigurationList section */

/* Begin XCVersionGroup section */
		424B74572755EF3400CFDD19 /* GithubStar.xcdatamodeld */ = {
			isa = XCVersionGroup;
			children = (
				424B74582755EF3400CFDD19 /* GithubStar.xcdatamodel */,
			);
			currentVersion = 424B74582755EF3400CFDD19 /* GithubStar.xcdatamodel */;
			path = GithubStar.xcdatamodeld;
			sourceTree = "<group>";
			versionGroupType = wrapper.xcdatamodel;
		};
/* End XCVersionGroup section */
	};
	rootObject = 424B74432755EF3400CFDD19 /* Project object */;
}
